
Microsoft Visual Studio Solution File, Format Version 12.00
# Visual Studio Version 16
VisualStudioVersion = 16.0.32407.337
MinimumVisualStudioVersion = 10.0.40219.1
Project("{FAE04EC0-301F-11D3-BF4B-00C04F79EFBC}") = "Calculator1", "Calculator1\Calculator1.csproj", "{946DA9AC-69ED-4951-962B-BA0C7E779302}"
EndProject
Global
	GlobalSection(SolutionConfigurationPlatforms) = preSolution
		Debug|Any CPU = Debug|Any CPU
		Release|Any CPU = Release|Any CPU
	EndGlobalSection
	GlobalSection(ProjectConfigurationPlatforms) = postSolution
		{946DA9AC-69ED-4951-962B-BA0C7E779302}.Debug|Any CPU.ActiveCfg = Debug|Any CPU
		{946DA9AC-69ED-4951-962B-BA0C7E779302}.Debug|Any CPU.Build.0 = Debug|Any CPU
		{946DA9AC-69ED-4951-962B-BA0C7E779302}.Release|Any CPU.ActiveCfg = Release|Any CPU
		{946DA9AC-69ED-4951-962B-BA0C7E779302}.Release|Any CPU.Build.0 = Release|Any CPU
	EndGlobalSection
	GlobalSection(SolutionProperties) = preSolution
		HideSolutionNode = FALSE
	EndGlobalSection
	GlobalSection(ExtensibilityGlobals) = postSolution
		SolutionGuid = {724414D2-6AFA-4AE6-89A8-C958026D9CB0}
	EndGlobalSection
EndGlobal
